// !$*UTF8*$!
{
	archiveVersion = 1;
	classes = {
	};
	objectVersion = 56;
	objects = {

/* Begin PBXBuildFile section */
		02B10E1F2A7B0511007570B2 /* EmotionRecognitionApp.swift in Sources */ = {isa = PBXBuildFile; fileRef = 02B10E1E2A7B0511007570B2 /* EmotionRecognitionApp.swift */; };
		02B10E212A7B0511007570B2 /* Level.swift in Sources */ = {isa = PBXBuildFile; fileRef = 02B10E202A7B0511007570B2 /* Level.swift */; };
		02B10E232A7B0512007570B2 /* Assets.xcassets in Resources */ = {isa = PBXBuildFile; fileRef = 02B10E222A7B0512007570B2 /* Assets.xcassets */; };
		02B10E262A7B0512007570B2 /* Preview Assets.xcassets in Resources */ = {isa = PBXBuildFile; fileRef = 02B10E252A7B0512007570B2 /* Preview Assets.xcassets */; };
		02B10E302A7B0512007570B2 /* EmotionRecognitionTests.swift in Sources */ = {isa = PBXBuildFile; fileRef = 02B10E2F2A7B0512007570B2 /* EmotionRecognitionTests.swift */; };
		02B10E3A2A7B0512007570B2 /* EmotionRecognitionUITests.swift in Sources */ = {isa = PBXBuildFile; fileRef = 02B10E392A7B0512007570B2 /* EmotionRecognitionUITests.swift */; };
		02B10E3C2A7B0512007570B2 /* EmotionRecognitionUITestsLaunchTests.swift in Sources */ = {isa = PBXBuildFile; fileRef = 02B10E3B2A7B0512007570B2 /* EmotionRecognitionUITestsLaunchTests.swift */; };
		02B10E4B2A7D7464007570B2 /* ScenarioMatching.swift in Sources */ = {isa = PBXBuildFile; fileRef = 02B10E4A2A7D7464007570B2 /* ScenarioMatching.swift */; };
		02B10E4D2A7D7569007570B2 /* MainMenu.swift in Sources */ = {isa = PBXBuildFile; fileRef = 02B10E4C2A7D7569007570B2 /* MainMenu.swift */; };
		02B10E512A7D8152007570B2 /* EmotismStoryboard.storyboard in Resources */ = {isa = PBXBuildFile; fileRef = 02B10E502A7D8152007570B2 /* EmotismStoryboard.storyboard */; };
		02B10E552A8849FE007570B2 /* WelcomePage.swift in Sources */ = {isa = PBXBuildFile; fileRef = 02B10E542A8849FE007570B2 /* WelcomePage.swift */; };
		02B10E572A884C22007570B2 /* LevelSelect.swift in Sources */ = {isa = PBXBuildFile; fileRef = 02B10E562A884C22007570B2 /* LevelSelect.swift */; };
		02B10E592A8E8A8E007570B2 /* Level2.swift in Sources */ = {isa = PBXBuildFile; fileRef = 02B10E582A8E8A8E007570B2 /* Level2.swift */; };
		02B10E5B2A8E9B10007570B2 /* EmotionList.swift in Sources */ = {isa = PBXBuildFile; fileRef = 02B10E5A2A8E9B10007570B2 /* EmotionList.swift */; };
		02B10E5D2A8EE2A7007570B2 /* Level3.swift in Sources */ = {isa = PBXBuildFile; fileRef = 02B10E5C2A8EE2A7007570B2 /* Level3.swift */; };
		02CD99412A9C2B4800ECB487 /* Scenarios.swift in Sources */ = {isa = PBXBuildFile; fileRef = 02CD99402A9C2B4800ECB487 /* Scenarios.swift */; };
		02CD99452AA6AA4A00ECB487 /* happy_results in Resources */ = {isa = PBXBuildFile; fileRef = 02CD99442AA6AA4900ECB487 /* happy_results */; };
		02CD99532AA6B08000ECB487 /* scared_results in Resources */ = {isa = PBXBuildFile; fileRef = 02CD99472AA6B07B00ECB487 /* scared_results */; };
		02CD99542AA6B08000ECB487 /* relaxed_results in Resources */ = {isa = PBXBuildFile; fileRef = 02CD99482AA6B07C00ECB487 /* relaxed_results */; };
		02CD99552AA6B08000ECB487 /* interested_results in Resources */ = {isa = PBXBuildFile; fileRef = 02CD99492AA6B07C00ECB487 /* interested_results */; };
		02CD99562AA6B08000ECB487 /* tired_results in Resources */ = {isa = PBXBuildFile; fileRef = 02CD994A2AA6B07D00ECB487 /* tired_results */; };
		02CD99572AA6B08000ECB487 /* annoyed_results in Resources */ = {isa = PBXBuildFile; fileRef = 02CD994B2AA6B07D00ECB487 /* annoyed_results */; };
		02CD99582AA6B08000ECB487 /* surprised_results in Resources */ = {isa = PBXBuildFile; fileRef = 02CD994C2AA6B07E00ECB487 /* surprised_results */; };
		02CD99592AA6B08000ECB487 /* excited_results in Resources */ = {isa = PBXBuildFile; fileRef = 02CD994D2AA6B07E00ECB487 /* excited_results */; };
		02CD995A2AA6B08000ECB487 /* sad_results in Resources */ = {isa = PBXBuildFile; fileRef = 02CD994E2AA6B07F00ECB487 /* sad_results */; };
		02CD995B2AA6B08000ECB487 /* disappointed_results in Resources */ = {isa = PBXBuildFile; fileRef = 02CD994F2AA6B07F00ECB487 /* disappointed_results */; };
		02CD995C2AA6B08000ECB487 /* angry_results in Resources */ = {isa = PBXBuildFile; fileRef = 02CD99502AA6B08000ECB487 /* angry_results */; };
		02CD995D2AA6B08000ECB487 /* nervous_results in Resources */ = {isa = PBXBuildFile; fileRef = 02CD99512AA6B08000ECB487 /* nervous_results */; };
		02CD995E2AA6B08000ECB487 /* confused_results in Resources */ = {isa = PBXBuildFile; fileRef = 02CD99522AA6B08000ECB487 /* confused_results */; };
		02CD99602AA815E700ECB487 /* EmotionScenariosGPT4 in Resources */ = {isa = PBXBuildFile; fileRef = 02CD995F2AA815E700ECB487 /* EmotionScenariosGPT4 */; };
/* End PBXBuildFile section */

/* Begin PBXContainerItemProxy section */
		02B10E2C2A7B0512007570B2 /* PBXContainerItemProxy */ = {
			isa = PBXContainerItemProxy;
			containerPortal = 02B10E132A7B0511007570B2 /* Project object */;
			proxyType = 1;
			remoteGlobalIDString = 02B10E1A2A7B0511007570B2;
			remoteInfo = EmotionRecognition;
		};
		02B10E362A7B0512007570B2 /* PBXContainerItemProxy */ = {
			isa = PBXContainerItemProxy;
			containerPortal = 02B10E132A7B0511007570B2 /* Project object */;
			proxyType = 1;
			remoteGlobalIDString = 02B10E1A2A7B0511007570B2;
			remoteInfo = EmotionRecognition;
		};
/* End PBXContainerItemProxy section */

/* Begin PBXFileReference section */
		02B10E1B2A7B0511007570B2 /* EmotionRecognition.app */ = {isa = PBXFileReference; explicitFileType = wrapper.application; includeInIndex = 0; path = EmotionRecognition.app; sourceTree = BUILT_PRODUCTS_DIR; };
		02B10E1E2A7B0511007570B2 /* EmotionRecognitionApp.swift */ = {isa = PBXFileReference; lastKnownFileType = sourcecode.swift; path = EmotionRecognitionApp.swift; sourceTree = "<group>"; };
		02B10E202A7B0511007570B2 /* Level.swift */ = {isa = PBXFileReference; lastKnownFileType = sourcecode.swift; path = Level.swift; sourceTree = "<group>"; };
		02B10E222A7B0512007570B2 /* Assets.xcassets */ = {isa = PBXFileReference; lastKnownFileType = folder.assetcatalog; path = Assets.xcassets; sourceTree = "<group>"; };
		02B10E252A7B0512007570B2 /* Preview Assets.xcassets */ = {isa = PBXFileReference; lastKnownFileType = folder.assetcatalog; path = "Preview Assets.xcassets"; sourceTree = "<group>"; };
		02B10E2B2A7B0512007570B2 /* EmotionRecognitionTests.xctest */ = {isa = PBXFileReference; explicitFileType = wrapper.cfbundle; includeInIndex = 0; path = EmotionRecognitionTests.xctest; sourceTree = BUILT_PRODUCTS_DIR; };
		02B10E2F2A7B0512007570B2 /* EmotionRecognitionTests.swift */ = {isa = PBXFileReference; lastKnownFileType = sourcecode.swift; path = EmotionRecognitionTests.swift; sourceTree = "<group>"; };
		02B10E352A7B0512007570B2 /* EmotionRecognitionUITests.xctest */ = {isa = PBXFileReference; explicitFileType = wrapper.cfbundle; includeInIndex = 0; path = EmotionRecognitionUITests.xctest; sourceTree = BUILT_PRODUCTS_DIR; };
		02B10E392A7B0512007570B2 /* EmotionRecognitionUITests.swift */ = {isa = PBXFileReference; lastKnownFileType = sourcecode.swift; path = EmotionRecognitionUITests.swift; sourceTree = "<group>"; };
		02B10E3B2A7B0512007570B2 /* EmotionRecognitionUITestsLaunchTests.swift */ = {isa = PBXFileReference; lastKnownFileType = sourcecode.swift; path = EmotionRecognitionUITestsLaunchTests.swift; sourceTree = "<group>"; };
		02B10E4A2A7D7464007570B2 /* ScenarioMatching.swift */ = {isa = PBXFileReference; lastKnownFileType = sourcecode.swift; path = ScenarioMatching.swift; sourceTree = "<group>"; };
		02B10E4C2A7D7569007570B2 /* MainMenu.swift */ = {isa = PBXFileReference; lastKnownFileType = sourcecode.swift; path = MainMenu.swift; sourceTree = "<group>"; };
		02B10E502A7D8152007570B2 /* EmotismStoryboard.storyboard */ = {isa = PBXFileReference; lastKnownFileType = file.storyboard; path = EmotismStoryboard.storyboard; sourceTree = "<group>"; };
		02B10E542A8849FE007570B2 /* WelcomePage.swift */ = {isa = PBXFileReference; lastKnownFileType = sourcecode.swift; path = WelcomePage.swift; sourceTree = "<group>"; };
		02B10E562A884C22007570B2 /* LevelSelect.swift */ = {isa = PBXFileReference; lastKnownFileType = sourcecode.swift; path = LevelSelect.swift; sourceTree = "<group>"; };
		02B10E582A8E8A8E007570B2 /* Level2.swift */ = {isa = PBXFileReference; lastKnownFileType = sourcecode.swift; path = Level2.swift; sourceTree = "<group>"; };
		02B10E5A2A8E9B10007570B2 /* EmotionList.swift */ = {isa = PBXFileReference; lastKnownFileType = sourcecode.swift; path = EmotionList.swift; sourceTree = "<group>"; };
		02B10E5C2A8EE2A7007570B2 /* Level3.swift */ = {isa = PBXFileReference; lastKnownFileType = sourcecode.swift; path = Level3.swift; sourceTree = "<group>"; };
		02CD99402A9C2B4800ECB487 /* Scenarios.swift */ = {isa = PBXFileReference; lastKnownFileType = sourcecode.swift; path = Scenarios.swift; sourceTree = "<group>"; };
		02CD99442AA6AA4900ECB487 /* happy_results */ = {isa = PBXFileReference; lastKnownFileType = folder; path = happy_results; sourceTree = "<group>"; };
		02CD99472AA6B07B00ECB487 /* scared_results */ = {isa = PBXFileReference; lastKnownFileType = folder; path = scared_results; sourceTree = "<group>"; };
		02CD99482AA6B07C00ECB487 /* relaxed_results */ = {isa = PBXFileReference; lastKnownFileType = folder; path = relaxed_results; sourceTree = "<group>"; };
		02CD99492AA6B07C00ECB487 /* interested_results */ = {isa = PBXFileReference; lastKnownFileType = folder; path = interested_results; sourceTree = "<group>"; };
		02CD994A2AA6B07D00ECB487 /* tired_results */ = {isa = PBXFileReference; lastKnownFileType = folder; path = tired_results; sourceTree = "<group>"; };
		02CD994B2AA6B07D00ECB487 /* annoyed_results */ = {isa = PBXFileReference; lastKnownFileType = folder; path = annoyed_results; sourceTree = "<group>"; };
		02CD994C2AA6B07E00ECB487 /* surprised_results */ = {isa = PBXFileReference; lastKnownFileType = folder; path = surprised_results; sourceTree = "<group>"; };
		02CD994D2AA6B07E00ECB487 /* excited_results */ = {isa = PBXFileReference; lastKnownFileType = folder; path = excited_results; sourceTree = "<group>"; };
		02CD994E2AA6B07F00ECB487 /* sad_results */ = {isa = PBXFileReference; lastKnownFileType = folder; path = sad_results; sourceTree = "<group>"; };
		02CD994F2AA6B07F00ECB487 /* disappointed_results */ = {isa = PBXFileReference; lastKnownFileType = folder; path = disappointed_results; sourceTree = "<group>"; };
		02CD99502AA6B08000ECB487 /* angry_results */ = {isa = PBXFileReference; lastKnownFileType = folder; path = angry_results; sourceTree = "<group>"; };
		02CD99512AA6B08000ECB487 /* nervous_results */ = {isa = PBXFileReference; lastKnownFileType = folder; path = nervous_results; sourceTree = "<group>"; };
		02CD99522AA6B08000ECB487 /* confused_results */ = {isa = PBXFileReference; lastKnownFileType = folder; path = confused_results; sourceTree = "<group>"; };
		02CD995F2AA815E700ECB487 /* EmotionScenariosGPT4 */ = {isa = PBXFileReference; lastKnownFileType = folder; path = EmotionScenariosGPT4; sourceTree = "<group>"; };
/* End PBXFileReference section */

/* Begin PBXFrameworksBuildPhase section */
		02B10E182A7B0511007570B2 /* Frameworks */ = {
			isa = PBXFrameworksBuildPhase;
			buildActionMask = 2147483647;
			files = (
			);
			runOnlyForDeploymentPostprocessing = 0;
		};
		02B10E282A7B0512007570B2 /* Frameworks */ = {
			isa = PBXFrameworksBuildPhase;
			buildActionMask = 2147483647;
			files = (
			);
			runOnlyForDeploymentPostprocessing = 0;
		};
		02B10E322A7B0512007570B2 /* Frameworks */ = {
			isa = PBXFrameworksBuildPhase;
			buildActionMask = 2147483647;
			files = (
			);
			runOnlyForDeploymentPostprocessing = 0;
		};
/* End PBXFrameworksBuildPhase section */

/* Begin PBXGroup section */
		02B10E122A7B0511007570B2 = {
			isa = PBXGroup;
			children = (
				02B10E1D2A7B0511007570B2 /* EmotionRecognition */,
				02B10E2E2A7B0512007570B2 /* EmotionRecognitionTests */,
				02B10E382A7B0512007570B2 /* EmotionRecognitionUITests */,
				02B10E1C2A7B0511007570B2 /* Products */,
			);
			sourceTree = "<group>";
		};
		02B10E1C2A7B0511007570B2 /* Products */ = {
			isa = PBXGroup;
			children = (
				02B10E1B2A7B0511007570B2 /* EmotionRecognition.app */,
				02B10E2B2A7B0512007570B2 /* EmotionRecognitionTests.xctest */,
				02B10E352A7B0512007570B2 /* EmotionRecognitionUITests.xctest */,
			);
			name = Products;
			sourceTree = "<group>";
		};
		02B10E1D2A7B0511007570B2 /* EmotionRecognition */ = {
			isa = PBXGroup;
			children = (
				02CD995F2AA815E700ECB487 /* EmotionScenariosGPT4 */,
				02CD99462AA6AA5500ECB487 /* ImageFiles */,
				02B10E1E2A7B0511007570B2 /* EmotionRecognitionApp.swift */,
				02B10E222A7B0512007570B2 /* Assets.xcassets */,
				02B10E242A7B0512007570B2 /* Preview Content */,
				02B10E4A2A7D7464007570B2 /* ScenarioMatching.swift */,
				02B10E502A7D8152007570B2 /* EmotismStoryboard.storyboard */,
				02B10E542A8849FE007570B2 /* WelcomePage.swift */,
				02B10E4C2A7D7569007570B2 /* MainMenu.swift */,
				02CD99402A9C2B4800ECB487 /* Scenarios.swift */,
				02B10E562A884C22007570B2 /* LevelSelect.swift */,
				02B10E202A7B0511007570B2 /* Level.swift */,
				02B10E582A8E8A8E007570B2 /* Level2.swift */,
				02B10E5C2A8EE2A7007570B2 /* Level3.swift */,
				02B10E5A2A8E9B10007570B2 /* EmotionList.swift */,
			);
			path = EmotionRecognition;
			sourceTree = "<group>";
		};
		02B10E242A7B0512007570B2 /* Preview Content */ = {
			isa = PBXGroup;
			children = (
				02B10E252A7B0512007570B2 /* Preview Assets.xcassets */,
			);
			path = "Preview Content";
			sourceTree = "<group>";
		};
		02B10E2E2A7B0512007570B2 /* EmotionRecognitionTests */ = {
			isa = PBXGroup;
			children = (
				02B10E2F2A7B0512007570B2 /* EmotionRecognitionTests.swift */,
			);
			path = EmotionRecognitionTests;
			sourceTree = "<group>";
		};
		02B10E382A7B0512007570B2 /* EmotionRecognitionUITests */ = {
			isa = PBXGroup;
			children = (
				02B10E392A7B0512007570B2 /* EmotionRecognitionUITests.swift */,
				02B10E3B2A7B0512007570B2 /* EmotionRecognitionUITestsLaunchTests.swift */,
			);
			path = EmotionRecognitionUITests;
			sourceTree = "<group>";
		};
		02CD99462AA6AA5500ECB487 /* ImageFiles */ = {
			isa = PBXGroup;
			children = (
				02CD99502AA6B08000ECB487 /* angry_results */,
				02CD994B2AA6B07D00ECB487 /* annoyed_results */,
				02CD99522AA6B08000ECB487 /* confused_results */,
				02CD994F2AA6B07F00ECB487 /* disappointed_results */,
				02CD994D2AA6B07E00ECB487 /* excited_results */,
				02CD99492AA6B07C00ECB487 /* interested_results */,
				02CD99512AA6B08000ECB487 /* nervous_results */,
				02CD99482AA6B07C00ECB487 /* relaxed_results */,
				02CD994E2AA6B07F00ECB487 /* sad_results */,
				02CD99472AA6B07B00ECB487 /* scared_results */,
				02CD994C2AA6B07E00ECB487 /* surprised_results */,
				02CD994A2AA6B07D00ECB487 /* tired_results */,
				02CD99442AA6AA4900ECB487 /* happy_results */,
			);
			path = ImageFiles;
			sourceTree = "<group>";
		};
/* End PBXGroup section */

/* Begin PBXNativeTarget section */
		02B10E1A2A7B0511007570B2 /* EmotionRecognition */ = {
			isa = PBXNativeTarget;
			buildConfigurationList = 02B10E3F2A7B0512007570B2 /* Build configuration list for PBXNativeTarget "EmotionRecognition" */;
			buildPhases = (
				02B10E172A7B0511007570B2 /* Sources */,
				02B10E182A7B0511007570B2 /* Frameworks */,
				02B10E192A7B0511007570B2 /* Resources */,
			);
			buildRules = (
			);
			dependencies = (
			);
			name = EmotionRecognition;
			productName = EmotionRecognition;
			productReference = 02B10E1B2A7B0511007570B2 /* EmotionRecognition.app */;
			productType = "com.apple.product-type.application";
		};
		02B10E2A2A7B0512007570B2 /* EmotionRecognitionTests */ = {
			isa = PBXNativeTarget;
			buildConfigurationList = 02B10E422A7B0512007570B2 /* Build configuration list for PBXNativeTarget "EmotionRecognitionTests" */;
			buildPhases = (
				02B10E272A7B0512007570B2 /* Sources */,
				02B10E282A7B0512007570B2 /* Frameworks */,
				02B10E292A7B0512007570B2 /* Resources */,
			);
			buildRules = (
			);
			dependencies = (
				02B10E2D2A7B0512007570B2 /* PBXTargetDependency */,
			);
			name = EmotionRecognitionTests;
			productName = EmotionRecognitionTests;
			productReference = 02B10E2B2A7B0512007570B2 /* EmotionRecognitionTests.xctest */;
			productType = "com.apple.product-type.bundle.unit-test";
		};
		02B10E342A7B0512007570B2 /* EmotionRecognitionUITests */ = {
			isa = PBXNativeTarget;
			buildConfigurationList = 02B10E452A7B0512007570B2 /* Build configuration list for PBXNativeTarget "EmotionRecognitionUITests" */;
			buildPhases = (
				02B10E312A7B0512007570B2 /* Sources */,
				02B10E322A7B0512007570B2 /* Frameworks */,
				02B10E332A7B0512007570B2 /* Resources */,
			);
			buildRules = (
			);
			dependencies = (
				02B10E372A7B0512007570B2 /* PBXTargetDependency */,
			);
			name = EmotionRecognitionUITests;
			productName = EmotionRecognitionUITests;
			productReference = 02B10E352A7B0512007570B2 /* EmotionRecognitionUITests.xctest */;
			productType = "com.apple.product-type.bundle.ui-testing";
		};
/* End PBXNativeTarget section */

/* Begin PBXProject section */
		02B10E132A7B0511007570B2 /* Project object */ = {
			isa = PBXProject;
			attributes = {
				BuildIndependentTargetsInParallel = 1;
				LastSwiftUpdateCheck = 1430;
				LastUpgradeCheck = 1430;
				TargetAttributes = {
					02B10E1A2A7B0511007570B2 = {
						CreatedOnToolsVersion = 14.3.1;
					};
					02B10E2A2A7B0512007570B2 = {
						CreatedOnToolsVersion = 14.3.1;
						TestTargetID = 02B10E1A2A7B0511007570B2;
					};
					02B10E342A7B0512007570B2 = {
						CreatedOnToolsVersion = 14.3.1;
						TestTargetID = 02B10E1A2A7B0511007570B2;
					};
				};
			};
			buildConfigurationList = 02B10E162A7B0511007570B2 /* Build configuration list for PBXProject "EmotionRecognition" */;
			compatibilityVersion = "Xcode 14.0";
			developmentRegion = en;
			hasScannedForEncodings = 0;
			knownRegions = (
				en,
				Base,
			);
			mainGroup = 02B10E122A7B0511007570B2;
			productRefGroup = 02B10E1C2A7B0511007570B2 /* Products */;
			projectDirPath = "";
			projectRoot = "";
			targets = (
				02B10E1A2A7B0511007570B2 /* EmotionRecognition */,
				02B10E2A2A7B0512007570B2 /* EmotionRecognitionTests */,
				02B10E342A7B0512007570B2 /* EmotionRecognitionUITests */,
			);
		};
/* End PBXProject section */

/* Begin PBXResourcesBuildPhase section */
		02B10E192A7B0511007570B2 /* Resources */ = {
			isa = PBXResourcesBuildPhase;
			buildActionMask = 2147483647;
			files = (
				02CD99572AA6B08000ECB487 /* annoyed_results in Resources */,
				02CD99452AA6AA4A00ECB487 /* happy_results in Resources */,
				02CD99542AA6B08000ECB487 /* relaxed_results in Resources */,
				02CD99552AA6B08000ECB487 /* interested_results in Resources */,
				02CD995A2AA6B08000ECB487 /* sad_results in Resources */,
				02B10E262A7B0512007570B2 /* Preview Assets.xcassets in Resources */,
				02CD995B2AA6B08000ECB487 /* disappointed_results in Resources */,
				02CD995D2AA6B08000ECB487 /* nervous_results in Resources */,
				02CD995E2AA6B08000ECB487 /* confused_results in Resources */,
				02CD99582AA6B08000ECB487 /* surprised_results in Resources */,
				02B10E232A7B0512007570B2 /* Assets.xcassets in Resources */,
				02CD995C2AA6B08000ECB487 /* angry_results in Resources */,
				02CD99602AA815E700ECB487 /* EmotionScenariosGPT4 in Resources */,
				02CD99592AA6B08000ECB487 /* excited_results in Resources */,
				02CD99532AA6B08000ECB487 /* scared_results in Resources */,
				02CD99562AA6B08000ECB487 /* tired_results in Resources */,
				02B10E512A7D8152007570B2 /* EmotismStoryboard.storyboard in Resources */,
			);
			runOnlyForDeploymentPostprocessing = 0;
		};
		02B10E292A7B0512007570B2 /* Resources */ = {
			isa = PBXResourcesBuildPhase;
			buildActionMask = 2147483647;
			files = (
			);
			runOnlyForDeploymentPostprocessing = 0;
		};
		02B10E332A7B0512007570B2 /* Resources */ = {
			isa = PBXResourcesBuildPhase;
			buildActionMask = 2147483647;
			files = (
			);
			runOnlyForDeploymentPostprocessing = 0;
		};
/* End PBXResourcesBuildPhase section */

/* Begin PBXSourcesBuildPhase section */
		02B10E172A7B0511007570B2 /* Sources */ = {
			isa = PBXSourcesBuildPhase;
			buildActionMask = 2147483647;
			files = (
				02B10E5D2A8EE2A7007570B2 /* Level3.swift in Sources */,
				02B10E572A884C22007570B2 /* LevelSelect.swift in Sources */,
				02B10E552A8849FE007570B2 /* WelcomePage.swift in Sources */,
				02B10E212A7B0511007570B2 /* Level.swift in Sources */,
				02B10E5B2A8E9B10007570B2 /* EmotionList.swift in Sources */,
				02B10E4B2A7D7464007570B2 /* ScenarioMatching.swift in Sources */,
				02B10E1F2A7B0511007570B2 /* EmotionRecognitionApp.swift in Sources */,
				02B10E592A8E8A8E007570B2 /* Level2.swift in Sources */,
				02B10E4D2A7D7569007570B2 /* MainMenu.swift in Sources */,
				02CD99412A9C2B4800ECB487 /* Scenarios.swift in Sources */,
			);
			runOnlyForDeploymentPostprocessing = 0;
		};
		02B10E272A7B0512007570B2 /* Sources */ = {
			isa = PBXSourcesBuildPhase;
			buildActionMask = 2147483647;
			files = (
				02B10E302A7B0512007570B2 /* EmotionRecognitionTests.swift in Sources */,
			);
			runOnlyForDeploymentPostprocessing = 0;
		};
		02B10E312A7B0512007570B2 /* Sources */ = {
			isa = PBXSourcesBuildPhase;
			buildActionMask = 2147483647;
			files = (
				02B10E3C2A7B0512007570B2 /* EmotionRecognitionUITestsLaunchTests.swift in Sources */,
				02B10E3A2A7B0512007570B2 /* EmotionRecognitionUITests.swift in Sources */,
			);
			runOnlyForDeploymentPostprocessing = 0;
		};
/* End PBXSourcesBuildPhase section */

/* Begin PBXTargetDependency section */
		02B10E2D2A7B0512007570B2 /* PBXTargetDependency */ = {
			isa = PBXTargetDependency;
			target = 02B10E1A2A7B0511007570B2 /* EmotionRecognition */;
			targetProxy = 02B10E2C2A7B0512007570B2 /* PBXContainerItemProxy */;
		};
		02B10E372A7B0512007570B2 /* PBXTargetDependency */ = {
			isa = PBXTargetDependency;
			target = 02B10E1A2A7B0511007570B2 /* EmotionRecognition */;
			targetProxy = 02B10E362A7B0512007570B2 /* PBXContainerItemProxy */;
		};
/* End PBXTargetDependency section */

/* Begin XCBuildConfiguration section */
		02B10E3D2A7B0512007570B2 /* Debug */ = {
			isa = XCBuildConfiguration;
			buildSettings = {
				ALWAYS_SEARCH_USER_PATHS = NO;
				CLANG_ANALYZER_NONNULL = YES;
				CLANG_ANALYZER_NUMBER_OBJECT_CONVERSION = YES_AGGRESSIVE;
				CLANG_CXX_LANGUAGE_STANDARD = "gnu++20";
				CLANG_ENABLE_MODULES = YES;
				CLANG_ENABLE_OBJC_ARC = YES;
				CLANG_ENABLE_OBJC_WEAK = YES;
				CLANG_WARN_BLOCK_CAPTURE_AUTORELEASING = YES;
				CLANG_WARN_BOOL_CONVERSION = YES;
				CLANG_WARN_COMMA = YES;
				CLANG_WARN_CONSTANT_CONVERSION = YES;
				CLANG_WARN_DEPRECATED_OBJC_IMPLEMENTATIONS = YES;
				CLANG_WARN_DIRECT_OBJC_ISA_USAGE = YES_ERROR;
				CLANG_WARN_DOCUMENTATION_COMMENTS = YES;
				CLANG_WARN_EMPTY_BODY = YES;
				CLANG_WARN_ENUM_CONVERSION = YES;
				CLANG_WARN_INFINITE_RECURSION = YES;
				CLANG_WARN_INT_CONVERSION = YES;
				CLANG_WARN_NON_LITERAL_NULL_CONVERSION = YES;
				CLANG_WARN_OBJC_IMPLICIT_RETAIN_SELF = YES;
				CLANG_WARN_OBJC_LITERAL_CONVERSION = YES;
				CLANG_WARN_OBJC_ROOT_CLASS = YES_ERROR;
				CLANG_WARN_QUOTED_INCLUDE_IN_FRAMEWORK_HEADER = YES;
				CLANG_WARN_RANGE_LOOP_ANALYSIS = YES;
				CLANG_WARN_STRICT_PROTOTYPES = YES;
				CLANG_WARN_SUSPICIOUS_MOVE = YES;
				CLANG_WARN_UNGUARDED_AVAILABILITY = YES_AGGRESSIVE;
				CLANG_WARN_UNREACHABLE_CODE = YES;
				CLANG_WARN__DUPLICATE_METHOD_MATCH = YES;
				COPY_PHASE_STRIP = NO;
				DEBUG_INFORMATION_FORMAT = dwarf;
				ENABLE_STRICT_OBJC_MSGSEND = YES;
				ENABLE_TESTABILITY = YES;
				GCC_C_LANGUAGE_STANDARD = gnu11;
				GCC_DYNAMIC_NO_PIC = NO;
				GCC_NO_COMMON_BLOCKS = YES;
				GCC_OPTIMIZATION_LEVEL = 0;
				GCC_PREPROCESSOR_DEFINITIONS = (
					"DEBUG=1",
					"$(inherited)",
				);
				GCC_WARN_64_TO_32_BIT_CONVERSION = YES;
				GCC_WARN_ABOUT_RETURN_TYPE = YES_ERROR;
				GCC_WARN_UNDECLARED_SELECTOR = YES;
				GCC_WARN_UNINITIALIZED_AUTOS = YES_AGGRESSIVE;
				GCC_WARN_UNUSED_FUNCTION = YES;
				GCC_WARN_UNUSED_VARIABLE = YES;
				IPHONEOS_DEPLOYMENT_TARGET = 16.4;
				MTL_ENABLE_DEBUG_INFO = INCLUDE_SOURCE;
				MTL_FAST_MATH = YES;
				ONLY_ACTIVE_ARCH = YES;
				SDKROOT = iphoneos;
				SWIFT_ACTIVE_COMPILATION_CONDITIONS = DEBUG;
				SWIFT_OPTIMIZATION_LEVEL = "-Onone";
			};
			name = Debug;
		};
		02B10E3E2A7B0512007570B2 /* Release */ = {
			isa = XCBuildConfiguration;
			buildSettings = {
				ALWAYS_SEARCH_USER_PATHS = NO;
				CLANG_ANALYZER_NONNULL = YES;
				CLANG_ANALYZER_NUMBER_OBJECT_CONVERSION = YES_AGGRESSIVE;
				CLANG_CXX_LANGUAGE_STANDARD = "gnu++20";
				CLANG_ENABLE_MODULES = YES;
				CLANG_ENABLE_OBJC_ARC = YES;
				CLANG_ENABLE_OBJC_WEAK = YES;
				CLANG_WARN_BLOCK_CAPTURE_AUTORELEASING = YES;
				CLANG_WARN_BOOL_CONVERSION = YES;
				CLANG_WARN_COMMA = YES;
				CLANG_WARN_CONSTANT_CONVERSION = YES;
				CLANG_WARN_DEPRECATED_OBJC_IMPLEMENTATIONS = YES;
				CLANG_WARN_DIRECT_OBJC_ISA_USAGE = YES_ERROR;
				CLANG_WARN_DOCUMENTATION_COMMENTS = YES;
				CLANG_WARN_EMPTY_BODY = YES;
				CLANG_WARN_ENUM_CONVERSION = YES;
				CLANG_WARN_INFINITE_RECURSION = YES;
				CLANG_WARN_INT_CONVERSION = YES;
				CLANG_WARN_NON_LITERAL_NULL_CONVERSION = YES;
				CLANG_WARN_OBJC_IMPLICIT_RETAIN_SELF = YES;
				CLANG_WARN_OBJC_LITERAL_CONVERSION = YES;
				CLANG_WARN_OBJC_ROOT_CLASS = YES_ERROR;
				CLANG_WARN_QUOTED_INCLUDE_IN_FRAMEWORK_HEADER = YES;
				CLANG_WARN_RANGE_LOOP_ANALYSIS = YES;
				CLANG_WARN_STRICT_PROTOTYPES = YES;
				CLANG_WARN_SUSPICIOUS_MOVE = YES;
				CLANG_WARN_UNGUARDED_AVAILABILITY = YES_AGGRESSIVE;
				CLANG_WARN_UNREACHABLE_CODE = YES;
				CLANG_WARN__DUPLICATE_METHOD_MATCH = YES;
				COPY_PHASE_STRIP = NO;
				DEBUG_INFORMATION_FORMAT = "dwarf-with-dsym";
				ENABLE_NS_ASSERTIONS = NO;
				ENABLE_STRICT_OBJC_MSGSEND = YES;
				GCC_C_LANGUAGE_STANDARD = gnu11;
				GCC_NO_COMMON_BLOCKS = YES;
				GCC_WARN_64_TO_32_BIT_CONVERSION = YES;
				GCC_WARN_ABOUT_RETURN_TYPE = YES_ERROR;
				GCC_WARN_UNDECLARED_SELECTOR = YES;
				GCC_WARN_UNINITIALIZED_AUTOS = YES_AGGRESSIVE;
				GCC_WARN_UNUSED_FUNCTION = YES;
				GCC_WARN_UNUSED_VARIABLE = YES;
				IPHONEOS_DEPLOYMENT_TARGET = 16.4;
				MTL_ENABLE_DEBUG_INFO = NO;
				MTL_FAST_MATH = YES;
				SDKROOT = iphoneos;
				SWIFT_COMPILATION_MODE = wholemodule;
				SWIFT_OPTIMIZATION_LEVEL = "-O";
				VALIDATE_PRODUCT = YES;
			};
			name = Release;
		};
		02B10E402A7B0512007570B2 /* Debug */ = {
			isa = XCBuildConfiguration;
			buildSettings = {
				ASSETCATALOG_COMPILER_APPICON_NAME = AppIcon;
				ASSETCATALOG_COMPILER_GLOBAL_ACCENT_COLOR_NAME = AccentColor;
				CODE_SIGN_STYLE = Automatic;
				CURRENT_PROJECT_VERSION = 1;
				DEVELOPMENT_ASSET_PATHS = "\"EmotionRecognition/Preview Content\"";
				ENABLE_PREVIEWS = YES;
				GENERATE_INFOPLIST_FILE = YES;
				INFOPLIST_KEY_UIApplicationSceneManifest_Generation = YES;
				INFOPLIST_KEY_UIApplicationSupportsIndirectInputEvents = YES;
				INFOPLIST_KEY_UILaunchScreen_Generation = YES;
				INFOPLIST_KEY_UISupportedInterfaceOrientations_iPad = "UIInterfaceOrientationPortrait UIInterfaceOrientationPortraitUpsideDown UIInterfaceOrientationLandscapeLeft UIInterfaceOrientationLandscapeRight";
				INFOPLIST_KEY_UISupportedInterfaceOrientations_iPhone = "UIInterfaceOrientationPortrait UIInterfaceOrientationLandscapeLeft UIInterfaceOrientationLandscapeRight";
				LD_RUNPATH_SEARCH_PATHS = (
					"$(inherited)",
					"@executable_path/Frameworks",
				);
				MARKETING_VERSION = 1.0;
				PRODUCT_BUNDLE_IDENTIFIER = com.RowanKoskoff.EmotionRecognition;
				PRODUCT_NAME = "$(TARGET_NAME)";
				SWIFT_EMIT_LOC_STRINGS = YES;
				SWIFT_VERSION = 5.0;
				TARGETED_DEVICE_FAMILY = "1,2";
			};
			name = Debug;
		};
		02B10E412A7B0512007570B2 /* Release */ = {
			isa = XCBuildConfiguration;
			buildSettings = {
				ASSETCATALOG_COMPILER_APPICON_NAME = AppIcon;
				ASSETCATALOG_COMPILER_GLOBAL_ACCENT_COLOR_NAME = AccentColor;
				CODE_SIGN_STYLE = Automatic;
				CURRENT_PROJECT_VERSION = 1;
				DEVELOPMENT_ASSET_PATHS = "\"EmotionRecognition/Preview Content\"";
				ENABLE_PREVIEWS = YES;
				GENERATE_INFOPLIST_FILE = YES;
				INFOPLIST_KEY_UIApplicationSceneManifest_Generation = YES;
				INFOPLIST_KEY_UIApplicationSupportsIndirectInputEvents = YES;
				INFOPLIST_KEY_UILaunchScreen_Generation = YES;
				INFOPLIST_KEY_UISupportedInterfaceOrientations_iPad = "UIInterfaceOrientationPortrait UIInterfaceOrientationPortraitUpsideDown UIInterfaceOrientationLandscapeLeft UIInterfaceOrientationLandscapeRight";
				INFOPLIST_KEY_UISupportedInterfaceOrientations_iPhone = "UIInterfaceOrientationPortrait UIInterfaceOrientationLandscapeLeft UIInterfaceOrientationLandscapeRight";
				LD_RUNPATH_SEARCH_PATHS = (
					"$(inherited)",
					"@executable_path/Frameworks",
				);
				MARKETING_VERSION = 1.0;
				PRODUCT_BUNDLE_IDENTIFIER = com.RowanKoskoff.EmotionRecognition;
				PRODUCT_NAME = "$(TARGET_NAME)";
				SWIFT_EMIT_LOC_STRINGS = YES;
				SWIFT_VERSION = 5.0;
				TARGETED_DEVICE_FAMILY = "1,2";
			};
			name = Release;
		};
		02B10E432A7B0512007570B2 /* Debug */ = {
			isa = XCBuildConfiguration;
			buildSettings = {
				ALWAYS_EMBED_SWIFT_STANDARD_LIBRARIES = YES;
				BUNDLE_LOADER = "$(TEST_HOST)";
				CODE_SIGN_STYLE = Automatic;
				CURRENT_PROJECT_VERSION = 1;
				GENERATE_INFOPLIST_FILE = YES;
				IPHONEOS_DEPLOYMENT_TARGET = 16.4;
				MARKETING_VERSION = 1.0;
				PRODUCT_BUNDLE_IDENTIFIER = com.RowanKoskoff.EmotionRecognitionTests;
				PRODUCT_NAME = "$(TARGET_NAME)";
				SWIFT_EMIT_LOC_STRINGS = NO;
				SWIFT_VERSION = 5.0;
				TARGETED_DEVICE_FAMILY = "1,2";
				TEST_HOST = "$(BUILT_PRODUCTS_DIR)/EmotionRecognition.app/$(BUNDLE_EXECUTABLE_FOLDER_PATH)/EmotionRecognition";
			};
			name = Debug;
		};
		02B10E442A7B0512007570B2 /* Release */ = {
			isa = XCBuildConfiguration;
			buildSettings = {
				ALWAYS_EMBED_SWIFT_STANDARD_LIBRARIES = YES;
				BUNDLE_LOADER = "$(TEST_HOST)";
				CODE_SIGN_STYLE = Automatic;
				CURRENT_PROJECT_VERSION = 1;
				GENERATE_INFOPLIST_FILE = YES;
				IPHONEOS_DEPLOYMENT_TARGET = 16.4;
				MARKETING_VERSION = 1.0;
				PRODUCT_BUNDLE_IDENTIFIER = com.RowanKoskoff.EmotionRecognitionTests;
				PRODUCT_NAME = "$(TARGET_NAME)";
				SWIFT_EMIT_LOC_STRINGS = NO;
				SWIFT_VERSION = 5.0;
				TARGETED_DEVICE_FAMILY = "1,2";
				TEST_HOST = "$(BUILT_PRODUCTS_DIR)/EmotionRecognition.app/$(BUNDLE_EXECUTABLE_FOLDER_PATH)/EmotionRecognition";
			};
			name = Release;
		};
		02B10E462A7B0512007570B2 /* Debug */ = {
			isa = XCBuildConfiguration;
			buildSettings = {
				ALWAYS_EMBED_SWIFT_STANDARD_LIBRARIES = YES;
				CODE_SIGN_STYLE = Automatic;
				CURRENT_PROJECT_VERSION = 1;
				GENERATE_INFOPLIST_FILE = YES;
				MARKETING_VERSION = 1.0;
				PRODUCT_BUNDLE_IDENTIFIER = com.RowanKoskoff.EmotionRecognitionUITests;
				PRODUCT_NAME = "$(TARGET_NAME)";
				SWIFT_EMIT_LOC_STRINGS = NO;
				SWIFT_VERSION = 5.0;
				TARGETED_DEVICE_FAMILY = "1,2";
				TEST_TARGET_NAME = EmotionRecognition;
			};
			name = Debug;
		};
		02B10E472A7B0512007570B2 /* Release */ = {
			isa = XCBuildConfiguration;
			buildSettings = {
				ALWAYS_EMBED_SWIFT_STANDARD_LIBRARIES = YES;
				CODE_SIGN_STYLE = Automatic;
				CURRENT_PROJECT_VERSION = 1;
				GENERATE_INFOPLIST_FILE = YES;
				MARKETING_VERSION = 1.0;
				PRODUCT_BUNDLE_IDENTIFIER = com.RowanKoskoff.EmotionRecognitionUITests;
				PRODUCT_NAME = "$(TARGET_NAME)";
				SWIFT_EMIT_LOC_STRINGS = NO;
				SWIFT_VERSION = 5.0;
				TARGETED_DEVICE_FAMILY = "1,2";
				TEST_TARGET_NAME = EmotionRecognition;
			};
			name = Release;
		};
/* End XCBuildConfiguration section */

/* Begin XCConfigurationList section */
		02B10E162A7B0511007570B2 /* Build configuration list for PBXProject "EmotionRecognition" */ = {
			isa = XCConfigurationList;
			buildConfigurations = (
				02B10E3D2A7B0512007570B2 /* Debug */,
				02B10E3E2A7B0512007570B2 /* Release */,
			);
			defaultConfigurationIsVisible = 0;
			defaultConfigurationName = Release;
		};
		02B10E3F2A7B0512007570B2 /* Build configuration list for PBXNativeTarget "EmotionRecognition" */ = {
			isa = XCConfigurationList;
			buildConfigurations = (
				02B10E402A7B0512007570B2 /* Debug */,
				02B10E412A7B0512007570B2 /* Release */,
			);
			defaultConfigurationIsVisible = 0;
			defaultConfigurationName = Release;
		};
		02B10E422A7B0512007570B2 /* Build configuration list for PBXNativeTarget "EmotionRecognitionTests" */ = {
			isa = XCConfigurationList;
			buildConfigurations = (
				02B10E432A7B0512007570B2 /* Debug */,
				02B10E442A7B0512007570B2 /* Release */,
			);
			defaultConfigurationIsVisible = 0;
			defaultConfigurationName = Release;
		};
		02B10E452A7B0512007570B2 /* Build configuration list for PBXNativeTarget "EmotionRecognitionUITests" */ = {
			isa = XCConfigurationList;
			buildConfigurations = (
				02B10E462A7B0512007570B2 /* Debug */,
				02B10E472A7B0512007570B2 /* Release */,
			);
			defaultConfigurationIsVisible = 0;
			defaultConfigurationName = Release;
		};
/* End XCConfigurationList section */
	};
	rootObject = 02B10E132A7B0511007570B2 /* Project object */;
}
